// !$*UTF8*$!
{
	archiveVersion = 1;
	classes = {
	};
	objectVersion = 56;
	objects = {

/* Begin PBXBuildFile section */
		0923389B29D6181600F76B04 /* PixelScanner.swift in Sources */ = {isa = PBXBuildFile; fileRef = 0923389A29D6181600F76B04 /* PixelScanner.swift */; };
		0930FBEE29D5F5B700E196BC /* PixelsLibrary.docc in Sources */ = {isa = PBXBuildFile; fileRef = 0930FBED29D5F5B700E196BC /* PixelsLibrary.docc */; };
		0930FBF429D5F5B700E196BC /* PixelsLibrary.framework in Frameworks */ = {isa = PBXBuildFile; fileRef = 0930FBE929D5F5B700E196BC /* PixelsLibrary.framework */; };
		0930FBF929D5F5B700E196BC /* PixelsLibraryTests.swift in Sources */ = {isa = PBXBuildFile; fileRef = 0930FBF829D5F5B700E196BC /* PixelsLibraryTests.swift */; };
		0930FBFA29D5F5B700E196BC /* PixelsLibrary.h in Headers */ = {isa = PBXBuildFile; fileRef = 0930FBEC29D5F5B700E196BC /* PixelsLibrary.h */; settings = {ATTRIBUTES = (Public, ); }; };
		09B95A4929D61F8400E1E07D /* SGBlePeripheralQueue.h in Headers */ = {isa = PBXBuildFile; fileRef = 09B95A4029D61F8300E1E07D /* SGBlePeripheralQueue.h */; };
		09B95A4A29D61F8400E1E07D /* SGBleCentralManagerDelegate.h in Headers */ = {isa = PBXBuildFile; fileRef = 09B95A4129D61F8300E1E07D /* SGBleCentralManagerDelegate.h */; };
		09B95A4B29D61F8400E1E07D /* SGBleTypes.h in Headers */ = {isa = PBXBuildFile; fileRef = 09B95A4229D61F8300E1E07D /* SGBleTypes.h */; };
		09B95A4C29D61F8400E1E07D /* SGBleRequest.mm in Sources */ = {isa = PBXBuildFile; fileRef = 09B95A4329D61F8300E1E07D /* SGBleRequest.mm */; };
		09B95A4D29D61F8400E1E07D /* SGBleUtils.h in Headers */ = {isa = PBXBuildFile; fileRef = 09B95A4429D61F8300E1E07D /* SGBleUtils.h */; };
		09B95A4E29D61F8400E1E07D /* SGBlePeripheralQueue.mm in Sources */ = {isa = PBXBuildFile; fileRef = 09B95A4529D61F8400E1E07D /* SGBlePeripheralQueue.mm */; };
		09B95A4F29D61F8400E1E07D /* SGBleUtils.mm in Sources */ = {isa = PBXBuildFile; fileRef = 09B95A4629D61F8400E1E07D /* SGBleUtils.mm */; };
		09B95A5029D61F8400E1E07D /* SGBleRequest.h in Headers */ = {isa = PBXBuildFile; fileRef = 09B95A4729D61F8400E1E07D /* SGBleRequest.h */; };
		09B95A5129D61F8400E1E07D /* SGBleCentralManagerDelegate.mm in Sources */ = {isa = PBXBuildFile; fileRef = 09B95A4829D61F8400E1E07D /* SGBleCentralManagerDelegate.mm */; };
		09B95A5329D621A700E1E07D /* ScannedPixel.swift in Sources */ = {isa = PBXBuildFile; fileRef = 09B95A5229D621A700E1E07D /* ScannedPixel.swift */; };
		09B95A5529D621B700E1E07D /* MessageType.swift in Sources */ = {isa = PBXBuildFile; fileRef = 09B95A5429D621B700E1E07D /* MessageType.swift */; };
		09B95A5729D621C200E1E07D /* Messages.swift in Sources */ = {isa = PBXBuildFile; fileRef = 09B95A5629D621C200E1E07D /* Messages.swift */; };
		09B95A5929D621CC00E1E07D /* PixelBleUuids.swift in Sources */ = {isa = PBXBuildFile; fileRef = 09B95A5829D621CC00E1E07D /* PixelBleUuids.swift */; };
		09B95A5B29D621D800E1E07D /* PixelInfo.swift in Sources */ = {isa = PBXBuildFile; fileRef = 09B95A5A29D621D800E1E07D /* PixelInfo.swift */; };
		09B95A5F29D621F000E1E07D /* Pixel.swift in Sources */ = {isa = PBXBuildFile; fileRef = 09B95A5E29D621F000E1E07D /* Pixel.swift */; };
		09B95A6129D621FD00E1E07D /* BinaryDecoder.swift in Sources */ = {isa = PBXBuildFile; fileRef = 09B95A6029D621FD00E1E07D /* BinaryDecoder.swift */; };
		09B95A6329D6220600E1E07D /* BinaryEncoder.swift in Sources */ = {isa = PBXBuildFile; fileRef = 09B95A6229D6220600E1E07D /* BinaryEncoder.swift */; };
		09B95A6729D624C800E1E07D /* PixelError.swift in Sources */ = {isa = PBXBuildFile; fileRef = 09B95A6629D624C800E1E07D /* PixelError.swift */; };
		09BAD40829D72D0500DBE427 /* Constants.swift in Sources */ = {isa = PBXBuildFile; fileRef = 09BAD40729D72D0500DBE427 /* Constants.swift */; };
/* End PBXBuildFile section */

/* Begin PBXContainerItemProxy section */
		0930FBF529D5F5B700E196BC /* PBXContainerItemProxy */ = {
			isa = PBXContainerItemProxy;
			containerPortal = 0930FBE029D5F5B700E196BC /* Project object */;
			proxyType = 1;
			remoteGlobalIDString = 0930FBE829D5F5B700E196BC;
			remoteInfo = PixelsLibrary;
		};
/* End PBXContainerItemProxy section */

/* Begin PBXFileReference section */
		0923389A29D6181600F76B04 /* PixelScanner.swift */ = {isa = PBXFileReference; lastKnownFileType = sourcecode.swift; path = PixelScanner.swift; sourceTree = "<group>"; };
		0930FBE929D5F5B700E196BC /* PixelsLibrary.framework */ = {isa = PBXFileReference; explicitFileType = wrapper.framework; includeInIndex = 0; path = PixelsLibrary.framework; sourceTree = BUILT_PRODUCTS_DIR; };
		0930FBEC29D5F5B700E196BC /* PixelsLibrary.h */ = {isa = PBXFileReference; lastKnownFileType = sourcecode.c.h; path = PixelsLibrary.h; sourceTree = "<group>"; };
		0930FBED29D5F5B700E196BC /* PixelsLibrary.docc */ = {isa = PBXFileReference; lastKnownFileType = folder.documentationcatalog; path = PixelsLibrary.docc; sourceTree = "<group>"; };
		0930FBF329D5F5B700E196BC /* PixelsLibraryTests.xctest */ = {isa = PBXFileReference; explicitFileType = wrapper.cfbundle; includeInIndex = 0; path = PixelsLibraryTests.xctest; sourceTree = BUILT_PRODUCTS_DIR; };
		0930FBF829D5F5B700E196BC /* PixelsLibraryTests.swift */ = {isa = PBXFileReference; lastKnownFileType = sourcecode.swift; path = PixelsLibraryTests.swift; sourceTree = "<group>"; };
		09B95A3B29D61CCA00E1E07D /* module.modulemap */ = {isa = PBXFileReference; lastKnownFileType = "sourcecode.module-map"; path = module.modulemap; sourceTree = "<group>"; };
		09B95A4029D61F8300E1E07D /* SGBlePeripheralQueue.h */ = {isa = PBXFileReference; fileEncoding = 4; lastKnownFileType = sourcecode.c.h; path = SGBlePeripheralQueue.h; sourceTree = "<group>"; };
		09B95A4129D61F8300E1E07D /* SGBleCentralManagerDelegate.h */ = {isa = PBXFileReference; fileEncoding = 4; lastKnownFileType = sourcecode.c.h; path = SGBleCentralManagerDelegate.h; sourceTree = "<group>"; };
		09B95A4229D61F8300E1E07D /* SGBleTypes.h */ = {isa = PBXFileReference; fileEncoding = 4; lastKnownFileType = sourcecode.c.h; path = SGBleTypes.h; sourceTree = "<group>"; };
		09B95A4329D61F8300E1E07D /* SGBleRequest.mm */ = {isa = PBXFileReference; fileEncoding = 4; lastKnownFileType = sourcecode.cpp.objcpp; path = SGBleRequest.mm; sourceTree = "<group>"; };
		09B95A4429D61F8300E1E07D /* SGBleUtils.h */ = {isa = PBXFileReference; fileEncoding = 4; lastKnownFileType = sourcecode.c.h; path = SGBleUtils.h; sourceTree = "<group>"; };
		09B95A4529D61F8400E1E07D /* SGBlePeripheralQueue.mm */ = {isa = PBXFileReference; fileEncoding = 4; lastKnownFileType = sourcecode.cpp.objcpp; path = SGBlePeripheralQueue.mm; sourceTree = "<group>"; };
		09B95A4629D61F8400E1E07D /* SGBleUtils.mm */ = {isa = PBXFileReference; fileEncoding = 4; lastKnownFileType = sourcecode.cpp.objcpp; path = SGBleUtils.mm; sourceTree = "<group>"; };
		09B95A4729D61F8400E1E07D /* SGBleRequest.h */ = {isa = PBXFileReference; fileEncoding = 4; lastKnownFileType = sourcecode.c.h; path = SGBleRequest.h; sourceTree = "<group>"; };
		09B95A4829D61F8400E1E07D /* SGBleCentralManagerDelegate.mm */ = {isa = PBXFileReference; fileEncoding = 4; lastKnownFileType = sourcecode.cpp.objcpp; path = SGBleCentralManagerDelegate.mm; sourceTree = "<group>"; };
		09B95A5229D621A700E1E07D /* ScannedPixel.swift */ = {isa = PBXFileReference; lastKnownFileType = sourcecode.swift; path = ScannedPixel.swift; sourceTree = "<group>"; };
		09B95A5429D621B700E1E07D /* MessageType.swift */ = {isa = PBXFileReference; lastKnownFileType = sourcecode.swift; path = MessageType.swift; sourceTree = "<group>"; };
		09B95A5629D621C200E1E07D /* Messages.swift */ = {isa = PBXFileReference; lastKnownFileType = sourcecode.swift; path = Messages.swift; sourceTree = "<group>"; };
		09B95A5829D621CC00E1E07D /* PixelBleUuids.swift */ = {isa = PBXFileReference; lastKnownFileType = sourcecode.swift; path = PixelBleUuids.swift; sourceTree = "<group>"; };
		09B95A5A29D621D800E1E07D /* PixelInfo.swift */ = {isa = PBXFileReference; lastKnownFileType = sourcecode.swift; path = PixelInfo.swift; sourceTree = "<group>"; };
		09B95A5E29D621F000E1E07D /* Pixel.swift */ = {isa = PBXFileReference; lastKnownFileType = sourcecode.swift; path = Pixel.swift; sourceTree = "<group>"; };
		09B95A6029D621FD00E1E07D /* BinaryDecoder.swift */ = {isa = PBXFileReference; lastKnownFileType = sourcecode.swift; path = BinaryDecoder.swift; sourceTree = "<group>"; };
		09B95A6229D6220600E1E07D /* BinaryEncoder.swift */ = {isa = PBXFileReference; lastKnownFileType = sourcecode.swift; path = BinaryEncoder.swift; sourceTree = "<group>"; };
		09B95A6629D624C800E1E07D /* PixelError.swift */ = {isa = PBXFileReference; lastKnownFileType = sourcecode.swift; path = PixelError.swift; sourceTree = "<group>"; };
		09BAD40729D72D0500DBE427 /* Constants.swift */ = {isa = PBXFileReference; lastKnownFileType = sourcecode.swift; path = Constants.swift; sourceTree = "<group>"; };
/* End PBXFileReference section */

/* Begin PBXFrameworksBuildPhase section */
		0930FBE629D5F5B700E196BC /* Frameworks */ = {
			isa = PBXFrameworksBuildPhase;
			buildActionMask = 2147483647;
			files = (
			);
			runOnlyForDeploymentPostprocessing = 0;
		};
		0930FBF029D5F5B700E196BC /* Frameworks */ = {
			isa = PBXFrameworksBuildPhase;
			buildActionMask = 2147483647;
			files = (
				0930FBF429D5F5B700E196BC /* PixelsLibrary.framework in Frameworks */,
			);
			runOnlyForDeploymentPostprocessing = 0;
		};
/* End PBXFrameworksBuildPhase section */

/* Begin PBXGroup section */
		0930FBDF29D5F5B700E196BC = {
			isa = PBXGroup;
			children = (
				0930FBEB29D5F5B700E196BC /* PixelsLibrary */,
				0930FBF729D5F5B700E196BC /* PixelsLibraryTests */,
				0930FBEA29D5F5B700E196BC /* Products */,
			);
			sourceTree = "<group>";
		};
		0930FBEA29D5F5B700E196BC /* Products */ = {
			isa = PBXGroup;
			children = (
				0930FBE929D5F5B700E196BC /* PixelsLibrary.framework */,
				0930FBF329D5F5B700E196BC /* PixelsLibraryTests.xctest */,
			);
			name = Products;
			sourceTree = "<group>";
		};
		0930FBEB29D5F5B700E196BC /* PixelsLibrary */ = {
			isa = PBXGroup;
			children = (
				0930FBEC29D5F5B700E196BC /* PixelsLibrary.h */,
				09B95A3F29D61F0000E1E07D /* BluetoothLE */,
				0930FBED29D5F5B700E196BC /* PixelsLibrary.docc */,
				09B95A5E29D621F000E1E07D /* Pixel.swift */,
				09B95A5829D621CC00E1E07D /* PixelBleUuids.swift */,
				09B95A6629D624C800E1E07D /* PixelError.swift */,
				09B95A5A29D621D800E1E07D /* PixelInfo.swift */,
				0923389A29D6181600F76B04 /* PixelScanner.swift */,
				09B95A5629D621C200E1E07D /* Messages.swift */,
				09B95A5429D621B700E1E07D /* MessageType.swift */,
				09B95A5229D621A700E1E07D /* ScannedPixel.swift */,
				09B95A6029D621FD00E1E07D /* BinaryDecoder.swift */,
				09B95A6229D6220600E1E07D /* BinaryEncoder.swift */,
				09BAD40729D72D0500DBE427 /* Constants.swift */,
			);
			path = PixelsLibrary;
			sourceTree = "<group>";
		};
		0930FBF729D5F5B700E196BC /* PixelsLibraryTests */ = {
			isa = PBXGroup;
			children = (
				0930FBF829D5F5B700E196BC /* PixelsLibraryTests.swift */,
			);
			path = PixelsLibraryTests;
			sourceTree = "<group>";
		};
		09B95A3F29D61F0000E1E07D /* BluetoothLE */ = {
			isa = PBXGroup;
			children = (
				09B95A4129D61F8300E1E07D /* SGBleCentralManagerDelegate.h */,
				09B95A4829D61F8400E1E07D /* SGBleCentralManagerDelegate.mm */,
				09B95A4029D61F8300E1E07D /* SGBlePeripheralQueue.h */,
				09B95A4529D61F8400E1E07D /* SGBlePeripheralQueue.mm */,
				09B95A4729D61F8400E1E07D /* SGBleRequest.h */,
				09B95A4329D61F8300E1E07D /* SGBleRequest.mm */,
				09B95A4229D61F8300E1E07D /* SGBleTypes.h */,
				09B95A4429D61F8300E1E07D /* SGBleUtils.h */,
				09B95A4629D61F8400E1E07D /* SGBleUtils.mm */,
				09B95A3B29D61CCA00E1E07D /* module.modulemap */,
			);
			path = BluetoothLE;
			sourceTree = "<group>";
		};
/* End PBXGroup section */

/* Begin PBXHeadersBuildPhase section */
		0930FBE429D5F5B700E196BC /* Headers */ = {
			isa = PBXHeadersBuildPhase;
			buildActionMask = 2147483647;
			files = (
				09B95A4D29D61F8400E1E07D /* SGBleUtils.h in Headers */,
				0930FBFA29D5F5B700E196BC /* PixelsLibrary.h in Headers */,
				09B95A5029D61F8400E1E07D /* SGBleRequest.h in Headers */,
				09B95A4929D61F8400E1E07D /* SGBlePeripheralQueue.h in Headers */,
				09B95A4B29D61F8400E1E07D /* SGBleTypes.h in Headers */,
				09B95A4A29D61F8400E1E07D /* SGBleCentralManagerDelegate.h in Headers */,
			);
			runOnlyForDeploymentPostprocessing = 0;
		};
/* End PBXHeadersBuildPhase section */

/* Begin PBXNativeTarget section */
		0930FBE829D5F5B700E196BC /* PixelsLibrary */ = {
			isa = PBXNativeTarget;
			buildConfigurationList = 0930FBFD29D5F5B700E196BC /* Build configuration list for PBXNativeTarget "PixelsLibrary" */;
			buildPhases = (
				0930FBE429D5F5B700E196BC /* Headers */,
				0930FBE529D5F5B700E196BC /* Sources */,
				0930FBE629D5F5B700E196BC /* Frameworks */,
				0930FBE729D5F5B700E196BC /* Resources */,
			);
			buildRules = (
			);
			dependencies = (
			);
			name = PixelsLibrary;
			productName = PixelsLibrary;
			productReference = 0930FBE929D5F5B700E196BC /* PixelsLibrary.framework */;
			productType = "com.apple.product-type.framework";
		};
		0930FBF229D5F5B700E196BC /* PixelsLibraryTests */ = {
			isa = PBXNativeTarget;
			buildConfigurationList = 0930FC0029D5F5B700E196BC /* Build configuration list for PBXNativeTarget "PixelsLibraryTests" */;
			buildPhases = (
				0930FBEF29D5F5B700E196BC /* Sources */,
				0930FBF029D5F5B700E196BC /* Frameworks */,
				0930FBF129D5F5B700E196BC /* Resources */,
			);
			buildRules = (
			);
			dependencies = (
				0930FBF629D5F5B700E196BC /* PBXTargetDependency */,
			);
			name = PixelsLibraryTests;
			productName = PixelsLibraryTests;
			productReference = 0930FBF329D5F5B700E196BC /* PixelsLibraryTests.xctest */;
			productType = "com.apple.product-type.bundle.unit-test";
		};
/* End PBXNativeTarget section */

/* Begin PBXProject section */
		0930FBE029D5F5B700E196BC /* Project object */ = {
			isa = PBXProject;
			attributes = {
				BuildIndependentTargetsInParallel = 1;
				LastSwiftUpdateCheck = 1420;
				LastUpgradeCheck = 1420;
				TargetAttributes = {
					0930FBE829D5F5B700E196BC = {
						CreatedOnToolsVersion = 14.2;
						LastSwiftMigration = 1420;
					};
					0930FBF229D5F5B700E196BC = {
						CreatedOnToolsVersion = 14.2;
					};
				};
			};
			buildConfigurationList = 0930FBE329D5F5B700E196BC /* Build configuration list for PBXProject "PixelsLibrary" */;
			compatibilityVersion = "Xcode 14.0";
			developmentRegion = en;
			hasScannedForEncodings = 0;
			knownRegions = (
				en,
				Base,
			);
			mainGroup = 0930FBDF29D5F5B700E196BC;
			productRefGroup = 0930FBEA29D5F5B700E196BC /* Products */;
			projectDirPath = "";
			projectRoot = "";
			targets = (
				0930FBE829D5F5B700E196BC /* PixelsLibrary */,
				0930FBF229D5F5B700E196BC /* PixelsLibraryTests */,
			);
		};
/* End PBXProject section */

/* Begin PBXResourcesBuildPhase section */
		0930FBE729D5F5B700E196BC /* Resources */ = {
			isa = PBXResourcesBuildPhase;
			buildActionMask = 2147483647;
			files = (
			);
			runOnlyForDeploymentPostprocessing = 0;
		};
		0930FBF129D5F5B700E196BC /* Resources */ = {
			isa = PBXResourcesBuildPhase;
			buildActionMask = 2147483647;
			files = (
			);
			runOnlyForDeploymentPostprocessing = 0;
		};
/* End PBXResourcesBuildPhase section */

/* Begin PBXSourcesBuildPhase section */
		0930FBE529D5F5B700E196BC /* Sources */ = {
			isa = PBXSourcesBuildPhase;
			buildActionMask = 2147483647;
			files = (
				09B95A5F29D621F000E1E07D /* Pixel.swift in Sources */,
				09B95A6129D621FD00E1E07D /* BinaryDecoder.swift in Sources */,
				09B95A5129D61F8400E1E07D /* SGBleCentralManagerDelegate.mm in Sources */,
				09B95A6329D6220600E1E07D /* BinaryEncoder.swift in Sources */,
				0923389B29D6181600F76B04 /* PixelScanner.swift in Sources */,
				09B95A4C29D61F8400E1E07D /* SGBleRequest.mm in Sources */,
				09B95A5329D621A700E1E07D /* ScannedPixel.swift in Sources */,
				09BAD40829D72D0500DBE427 /* Constants.swift in Sources */,
				09B95A5B29D621D800E1E07D /* PixelInfo.swift in Sources */,
				09B95A5929D621CC00E1E07D /* PixelBleUuids.swift in Sources */,
				09B95A4E29D61F8400E1E07D /* SGBlePeripheralQueue.mm in Sources */,
				09B95A6729D624C800E1E07D /* PixelError.swift in Sources */,
				0930FBEE29D5F5B700E196BC /* PixelsLibrary.docc in Sources */,
				09B95A5529D621B700E1E07D /* MessageType.swift in Sources */,
				09B95A5729D621C200E1E07D /* Messages.swift in Sources */,
				09B95A4F29D61F8400E1E07D /* SGBleUtils.mm in Sources */,
			);
			runOnlyForDeploymentPostprocessing = 0;
		};
		0930FBEF29D5F5B700E196BC /* Sources */ = {
			isa = PBXSourcesBuildPhase;
			buildActionMask = 2147483647;
			files = (
				0930FBF929D5F5B700E196BC /* PixelsLibraryTests.swift in Sources */,
			);
			runOnlyForDeploymentPostprocessing = 0;
		};
/* End PBXSourcesBuildPhase section */

/* Begin PBXTargetDependency section */
		0930FBF629D5F5B700E196BC /* PBXTargetDependency */ = {
			isa = PBXTargetDependency;
			target = 0930FBE829D5F5B700E196BC /* PixelsLibrary */;
			targetProxy = 0930FBF529D5F5B700E196BC /* PBXContainerItemProxy */;
		};
/* End PBXTargetDependency section */

/* Begin XCBuildConfiguration section */
		0930FBFB29D5F5B700E196BC /* Debug */ = {
			isa = XCBuildConfiguration;
			buildSettings = {
				ALWAYS_SEARCH_USER_PATHS = NO;
				CLANG_ANALYZER_NONNULL = YES;
				CLANG_ANALYZER_NUMBER_OBJECT_CONVERSION = YES_AGGRESSIVE;
				CLANG_CXX_LANGUAGE_STANDARD = "gnu++20";
				CLANG_ENABLE_MODULES = YES;
				CLANG_ENABLE_OBJC_ARC = YES;
				CLANG_ENABLE_OBJC_WEAK = YES;
				CLANG_WARN_BLOCK_CAPTURE_AUTORELEASING = YES;
				CLANG_WARN_BOOL_CONVERSION = YES;
				CLANG_WARN_COMMA = YES;
				CLANG_WARN_CONSTANT_CONVERSION = YES;
				CLANG_WARN_DEPRECATED_OBJC_IMPLEMENTATIONS = YES;
				CLANG_WARN_DIRECT_OBJC_ISA_USAGE = YES_ERROR;
				CLANG_WARN_DOCUMENTATION_COMMENTS = YES;
				CLANG_WARN_EMPTY_BODY = YES;
				CLANG_WARN_ENUM_CONVERSION = YES;
				CLANG_WARN_INFINITE_RECURSION = YES;
				CLANG_WARN_INT_CONVERSION = YES;
				CLANG_WARN_NON_LITERAL_NULL_CONVERSION = YES;
				CLANG_WARN_OBJC_IMPLICIT_RETAIN_SELF = YES;
				CLANG_WARN_OBJC_LITERAL_CONVERSION = YES;
				CLANG_WARN_OBJC_ROOT_CLASS = YES_ERROR;
				CLANG_WARN_QUOTED_INCLUDE_IN_FRAMEWORK_HEADER = YES;
				CLANG_WARN_RANGE_LOOP_ANALYSIS = YES;
				CLANG_WARN_STRICT_PROTOTYPES = YES;
				CLANG_WARN_SUSPICIOUS_MOVE = YES;
				CLANG_WARN_UNGUARDED_AVAILABILITY = YES_AGGRESSIVE;
				CLANG_WARN_UNREACHABLE_CODE = YES;
				CLANG_WARN__DUPLICATE_METHOD_MATCH = YES;
				COPY_PHASE_STRIP = NO;
				CURRENT_PROJECT_VERSION = 1;
				DEBUG_INFORMATION_FORMAT = dwarf;
				ENABLE_STRICT_OBJC_MSGSEND = YES;
				ENABLE_TESTABILITY = YES;
				GCC_C_LANGUAGE_STANDARD = gnu11;
				GCC_DYNAMIC_NO_PIC = NO;
				GCC_NO_COMMON_BLOCKS = YES;
				GCC_OPTIMIZATION_LEVEL = 0;
				GCC_PREPROCESSOR_DEFINITIONS = (
					"DEBUG=1",
					"$(inherited)",
				);
				GCC_WARN_64_TO_32_BIT_CONVERSION = YES;
				GCC_WARN_ABOUT_RETURN_TYPE = YES_ERROR;
				GCC_WARN_UNDECLARED_SELECTOR = YES;
				GCC_WARN_UNINITIALIZED_AUTOS = YES_AGGRESSIVE;
				GCC_WARN_UNUSED_FUNCTION = YES;
				GCC_WARN_UNUSED_VARIABLE = YES;
				MTL_ENABLE_DEBUG_INFO = INCLUDE_SOURCE;
				MTL_FAST_MATH = YES;
				ONLY_ACTIVE_ARCH = YES;
				SWIFT_ACTIVE_COMPILATION_CONDITIONS = DEBUG;
				SWIFT_OPTIMIZATION_LEVEL = "-Onone";
				VERSIONING_SYSTEM = "apple-generic";
				VERSION_INFO_PREFIX = "";
			};
			name = Debug;
		};
		0930FBFC29D5F5B700E196BC /* Release */ = {
			isa = XCBuildConfiguration;
			buildSettings = {
				ALWAYS_SEARCH_USER_PATHS = NO;
				CLANG_ANALYZER_NONNULL = YES;
				CLANG_ANALYZER_NUMBER_OBJECT_CONVERSION = YES_AGGRESSIVE;
				CLANG_CXX_LANGUAGE_STANDARD = "gnu++20";
				CLANG_ENABLE_MODULES = YES;
				CLANG_ENABLE_OBJC_ARC = YES;
				CLANG_ENABLE_OBJC_WEAK = YES;
				CLANG_WARN_BLOCK_CAPTURE_AUTORELEASING = YES;
				CLANG_WARN_BOOL_CONVERSION = YES;
				CLANG_WARN_COMMA = YES;
				CLANG_WARN_CONSTANT_CONVERSION = YES;
				CLANG_WARN_DEPRECATED_OBJC_IMPLEMENTATIONS = YES;
				CLANG_WARN_DIRECT_OBJC_ISA_USAGE = YES_ERROR;
				CLANG_WARN_DOCUMENTATION_COMMENTS = YES;
				CLANG_WARN_EMPTY_BODY = YES;
				CLANG_WARN_ENUM_CONVERSION = YES;
				CLANG_WARN_INFINITE_RECURSION = YES;
				CLANG_WARN_INT_CONVERSION = YES;
				CLANG_WARN_NON_LITERAL_NULL_CONVERSION = YES;
				CLANG_WARN_OBJC_IMPLICIT_RETAIN_SELF = YES;
				CLANG_WARN_OBJC_LITERAL_CONVERSION = YES;
				CLANG_WARN_OBJC_ROOT_CLASS = YES_ERROR;
				CLANG_WARN_QUOTED_INCLUDE_IN_FRAMEWORK_HEADER = YES;
				CLANG_WARN_RANGE_LOOP_ANALYSIS = YES;
				CLANG_WARN_STRICT_PROTOTYPES = YES;
				CLANG_WARN_SUSPICIOUS_MOVE = YES;
				CLANG_WARN_UNGUARDED_AVAILABILITY = YES_AGGRESSIVE;
				CLANG_WARN_UNREACHABLE_CODE = YES;
				CLANG_WARN__DUPLICATE_METHOD_MATCH = YES;
				COPY_PHASE_STRIP = NO;
				CURRENT_PROJECT_VERSION = 1;
				DEBUG_INFORMATION_FORMAT = "dwarf-with-dsym";
				ENABLE_NS_ASSERTIONS = NO;
				ENABLE_STRICT_OBJC_MSGSEND = YES;
				GCC_C_LANGUAGE_STANDARD = gnu11;
				GCC_NO_COMMON_BLOCKS = YES;
				GCC_WARN_64_TO_32_BIT_CONVERSION = YES;
				GCC_WARN_ABOUT_RETURN_TYPE = YES_ERROR;
				GCC_WARN_UNDECLARED_SELECTOR = YES;
				GCC_WARN_UNINITIALIZED_AUTOS = YES_AGGRESSIVE;
				GCC_WARN_UNUSED_FUNCTION = YES;
				GCC_WARN_UNUSED_VARIABLE = YES;
				MTL_ENABLE_DEBUG_INFO = NO;
				MTL_FAST_MATH = YES;
				SWIFT_COMPILATION_MODE = wholemodule;
				SWIFT_OPTIMIZATION_LEVEL = "-O";
				VERSIONING_SYSTEM = "apple-generic";
				VERSION_INFO_PREFIX = "";
			};
			name = Release;
		};
		0930FBFE29D5F5B700E196BC /* Debug */ = {
			isa = XCBuildConfiguration;
			buildSettings = {
				CLANG_ENABLE_MODULES = YES;
				CODE_SIGN_STYLE = Automatic;
				CURRENT_PROJECT_VERSION = 1;
				DEFINES_MODULE = YES;
				DEVELOPMENT_TEAM = MZ3257VQKK;
				DYLIB_COMPATIBILITY_VERSION = 1;
				DYLIB_CURRENT_VERSION = 1;
				DYLIB_INSTALL_NAME_BASE = "@rpath";
				GENERATE_INFOPLIST_FILE = YES;
				INFOPLIST_KEY_NSHumanReadableCopyright = "";
				INSTALL_PATH = "$(LOCAL_LIBRARY_DIR)/Frameworks";
				IPHONEOS_DEPLOYMENT_TARGET = 13.0;
				LD_RUNPATH_SEARCH_PATHS = (
					"@executable_path/Frameworks",
					"@loader_path/Frameworks",
				);
				"LD_RUNPATH_SEARCH_PATHS[sdk=macosx*]" = (
					"@executable_path/../Frameworks",
					"@loader_path/Frameworks",
				);
				MACOSX_DEPLOYMENT_TARGET = 10.15;
				MARKETING_VERSION = 1.0;
				PRODUCT_BUNDLE_IDENTIFIER = "com.systemic-games.PixelsLibrary";
				PRODUCT_NAME = "$(TARGET_NAME:c99extidentifier)";
				SDKROOT = auto;
				SKIP_INSTALL = YES;
				SUPPORTED_PLATFORMS = "iphoneos iphonesimulator macosx";
				SWIFT_EMIT_LOC_STRINGS = YES;
				SWIFT_INCLUDE_PATHS = "$(SRCROOT)/PixelsLibrary/BluetoothLE";
				SWIFT_OPTIMIZATION_LEVEL = "-Onone";
				SWIFT_STRICT_CONCURRENCY = complete;
				SWIFT_VERSION = 5.0;
				TARGETED_DEVICE_FAMILY = "1,2";
			};
			name = Debug;
		};
		0930FBFF29D5F5B700E196BC /* Release */ = {
			isa = XCBuildConfiguration;
			buildSettings = {
				CLANG_ENABLE_MODULES = YES;
				CODE_SIGN_STYLE = Automatic;
				CURRENT_PROJECT_VERSION = 1;
				DEFINES_MODULE = YES;
				DEVELOPMENT_TEAM = MZ3257VQKK;
				DYLIB_COMPATIBILITY_VERSION = 1;
				DYLIB_CURRENT_VERSION = 1;
				DYLIB_INSTALL_NAME_BASE = "@rpath";
				GENERATE_INFOPLIST_FILE = YES;
				INFOPLIST_KEY_NSHumanReadableCopyright = "";
				INSTALL_PATH = "$(LOCAL_LIBRARY_DIR)/Frameworks";
				IPHONEOS_DEPLOYMENT_TARGET = 13.0;
				LD_RUNPATH_SEARCH_PATHS = (
					"@executable_path/Frameworks",
					"@loader_path/Frameworks",
				);
				"LD_RUNPATH_SEARCH_PATHS[sdk=macosx*]" = (
					"@executable_path/../Frameworks",
					"@loader_path/Frameworks",
				);
				MACOSX_DEPLOYMENT_TARGET = 10.15;
				MARKETING_VERSION = 1.0;
				PRODUCT_BUNDLE_IDENTIFIER = "com.systemic-games.PixelsLibrary";
				PRODUCT_NAME = "$(TARGET_NAME:c99extidentifier)";
				SDKROOT = auto;
				SKIP_INSTALL = YES;
				SUPPORTED_PLATFORMS = "iphoneos iphonesimulator macosx";
				SWIFT_EMIT_LOC_STRINGS = YES;
				SWIFT_INCLUDE_PATHS = "$(SRCROOT)/PixelsLibrary/BluetoothLE";
				SWIFT_STRICT_CONCURRENCY = complete;
				SWIFT_VERSION = 5.0;
				TARGETED_DEVICE_FAMILY = "1,2";
			};
			name = Release;
		};
		0930FC0129D5F5B700E196BC /* Debug */ = {
			isa = XCBuildConfiguration;
			buildSettings = {
				ALWAYS_EMBED_SWIFT_STANDARD_LIBRARIES = YES;
				CODE_SIGN_STYLE = Automatic;
				CURRENT_PROJECT_VERSION = 1;
				DEVELOPMENT_TEAM = MZ3257VQKK;
				GENERATE_INFOPLIST_FILE = YES;
				IPHONEOS_DEPLOYMENT_TARGET = 16.2;
				MACOSX_DEPLOYMENT_TARGET = 13.1;
				MARKETING_VERSION = 1.0;
				PRODUCT_BUNDLE_IDENTIFIER = "com.systemic-games.PixelsLibraryTests";
				PRODUCT_NAME = "$(TARGET_NAME)";
				SDKROOT = auto;
				SUPPORTED_PLATFORMS = "iphoneos iphonesimulator macosx";
				SWIFT_EMIT_LOC_STRINGS = NO;
				SWIFT_VERSION = 5.0;
				TARGETED_DEVICE_FAMILY = "1,2";
			};
			name = Debug;
		};
		0930FC0229D5F5B700E196BC /* Release */ = {
			isa = XCBuildConfiguration;
			buildSettings = {
				ALWAYS_EMBED_SWIFT_STANDARD_LIBRARIES = YES;
				CODE_SIGN_STYLE = Automatic;
				CURRENT_PROJECT_VERSION = 1;
				DEVELOPMENT_TEAM = MZ3257VQKK;
				GENERATE_INFOPLIST_FILE = YES;
				IPHONEOS_DEPLOYMENT_TARGET = 16.2;
				MACOSX_DEPLOYMENT_TARGET = 13.1;
				MARKETING_VERSION = 1.0;
				PRODUCT_BUNDLE_IDENTIFIER = "com.systemic-games.PixelsLibraryTests";
				PRODUCT_NAME = "$(TARGET_NAME)";
				SDKROOT = auto;
				SUPPORTED_PLATFORMS = "iphoneos iphonesimulator macosx";
				SWIFT_EMIT_LOC_STRINGS = NO;
				SWIFT_VERSION = 5.0;
				TARGETED_DEVICE_FAMILY = "1,2";
			};
			name = Release;
		};
/* End XCBuildConfiguration section */

/* Begin XCConfigurationList section */
		0930FBE329D5F5B700E196BC /* Build configuration list for PBXProject "PixelsLibrary" */ = {
			isa = XCConfigurationList;
			buildConfigurations = (
				0930FBFB29D5F5B700E196BC /* Debug */,
				0930FBFC29D5F5B700E196BC /* Release */,
			);
			defaultConfigurationIsVisible = 0;
			defaultConfigurationName = Release;
		};
		0930FBFD29D5F5B700E196BC /* Build configuration list for PBXNativeTarget "PixelsLibrary" */ = {
			isa = XCConfigurationList;
			buildConfigurations = (
				0930FBFE29D5F5B700E196BC /* Debug */,
				0930FBFF29D5F5B700E196BC /* Release */,
			);
			defaultConfigurationIsVisible = 0;
			defaultConfigurationName = Release;
		};
		0930FC0029D5F5B700E196BC /* Build configuration list for PBXNativeTarget "PixelsLibraryTests" */ = {
			isa = XCConfigurationList;
			buildConfigurations = (
				0930FC0129D5F5B700E196BC /* Debug */,
				0930FC0229D5F5B700E196BC /* Release */,
			);
			defaultConfigurationIsVisible = 0;
			defaultConfigurationName = Release;
		};
/* End XCConfigurationList section */
	};
	rootObject = 0930FBE029D5F5B700E196BC /* Project object */;
}
